
Microsoft Visual Studio Solution File, Format Version 12.00
# Visual Studio 2013
VisualStudioVersion = 12.0.31101.0
MinimumVisualStudioVersion = 10.0.40219.1
Project("{8BC9CEB8-8B4A-11D0-8D11-00A0C91BC942}") = "Shared", "..\Shared\Shared.vcxproj", "{8B002267-03CE-4D7A-B263-380EFBB2AD00}"
EndProject
Project("{8BC9CEB8-8B4A-11D0-8D11-00A0C91BC942}") = "Cwiczenia1", "Cwiczenia1\Cwiczenia1.vcxproj", "{23D64CC5-1D8A-457C-8B1F-EEFBD29F0528}"
EndProject
Project("{8BC9CEB8-8B4A-11D0-8D11-00A0C91BC942}") = "Cwiczenia2", "Cwiczenia2\Cwiczenia2.vcxproj", "{B12702AD-ABFB-343A-A199-8E24837244A3}"
EndProject
Project("{8BC9CEB8-8B4A-11D0-8D11-00A0C91BC942}") = "Cwiczenia3", "Cwiczenia3\Cwiczenia3.vcxproj", "{CB3D9A0A-3C9F-48AB-8C87-3B33D3E33843}"
EndProject
Project("{8BC9CEB8-8B4A-11D0-8D11-00A0C91BC942}") = "Cwiczenia4", "Cwiczenia4\Cwiczenia4.vcxproj", "{47C2A38A-2554-4AA1-8D54-396C9B336132}"
EndProject
Project("{8BC9CEB8-8B4A-11D0-8D11-00A0C91BC942}") = "Cwiczenia9", "Cwiczenia9\Cwiczenia9.vcxproj", "{2ADF375A-1415-45EC-BDEF-5814BB5ACAE3}"
EndProject
Project("{8BC9CEB8-8B4A-11D0-8D11-00A0C91BC942}") = "Cwiczenia6", "Cwiczenia6\Cwiczenia6.vcxproj", "{03AB4D81-A4F6-4424-BE80-A960E506236E}"
EndProject
Project("{8BC9CEB8-8B4A-11D0-8D11-00A0C91BC942}") = "Cwiczenia7", "Cwiczenia7\Cwiczenia7.vcxproj", "{FC56B0FE-9DB8-41E8-B411-FB4039E565FD}"
EndProject
Project("{8BC9CEB8-8B4A-11D0-8D11-00A0C91BC942}") = "Cwiczenia8", "Cwiczenia8\Cwiczenia8.vcxproj", "{11F28857-C0C7-4118-9B16-F1969F52388B}"
EndProject
Project("{8BC9CEB8-8B4A-11D0-8D11-00A0C91BC942}") = "Cwiczenia10Test", "Cwiczenia10Test\Cwiczenia10Test.vcxproj", "{F447A344-AB96-4915-8016-79EEFF8DCF82}"
EndProject
Project("{8BC9CEB8-8B4A-11D0-8D11-00A0C91BC942}") = "Cwiczenia5", "Cwiczenia5\Cwiczenia5.vcxproj", "{96A6EA38-F33D-4C68-B952-FA144993028D}"
EndProject
Global
	GlobalSection(SolutionConfigurationPlatforms) = preSolution
		Debug|Win32 = Debug|Win32
		Debug|x64 = Debug|x64
		Release|Win32 = Release|Win32
		Release|x64 = Release|x64
	EndGlobalSection
	GlobalSection(ProjectConfigurationPlatforms) = postSolution
		{8B002267-03CE-4D7A-B263-380EFBB2AD00}.Debug|Win32.ActiveCfg = Debug|Win32
		{8B002267-03CE-4D7A-B263-380EFBB2AD00}.Debug|Win32.Build.0 = Debug|Win32
		{8B002267-03CE-4D7A-B263-380EFBB2AD00}.Debug|x64.ActiveCfg = Debug|x64
		{8B002267-03CE-4D7A-B263-380EFBB2AD00}.Debug|x64.Build.0 = Debug|x64
		{8B002267-03CE-4D7A-B263-380EFBB2AD00}.Release|Win32.ActiveCfg = Release|Win32
		{8B002267-03CE-4D7A-B263-380EFBB2AD00}.Release|Win32.Build.0 = Release|Win32
		{8B002267-03CE-4D7A-B263-380EFBB2AD00}.Release|x64.ActiveCfg = Release|x64
		{8B002267-03CE-4D7A-B263-380EFBB2AD00}.Release|x64.Build.0 = Release|x64
		{23D64CC5-1D8A-457C-8B1F-EEFBD29F0528}.Debug|Win32.ActiveCfg = Debug|Win32
		{23D64CC5-1D8A-457C-8B1F-EEFBD29F0528}.Debug|Win32.Build.0 = Debug|Win32
		{23D64CC5-1D8A-457C-8B1F-EEFBD29F0528}.Debug|x64.ActiveCfg = Debug|x64
		{23D64CC5-1D8A-457C-8B1F-EEFBD29F0528}.Debug|x64.Build.0 = Debug|x64
		{23D64CC5-1D8A-457C-8B1F-EEFBD29F0528}.Release|Win32.ActiveCfg = Release|Win32
		{23D64CC5-1D8A-457C-8B1F-EEFBD29F0528}.Release|Win32.Build.0 = Release|Win32
		{23D64CC5-1D8A-457C-8B1F-EEFBD29F0528}.Release|x64.ActiveCfg = Release|x64
		{23D64CC5-1D8A-457C-8B1F-EEFBD29F0528}.Release|x64.Build.0 = Release|x64
		{B12702AD-ABFB-343A-A199-8E24837244A3}.Debug|Win32.ActiveCfg = Debug|Win32
		{B12702AD-ABFB-343A-A199-8E24837244A3}.Debug|Win32.Build.0 = Debug|Win32
		{B12702AD-ABFB-343A-A199-8E24837244A3}.Debug|x64.ActiveCfg = Debug|x64
		{B12702AD-ABFB-343A-A199-8E24837244A3}.Debug|x64.Build.0 = Debug|x64
		{B12702AD-ABFB-343A-A199-8E24837244A3}.Release|Win32.ActiveCfg = Release|Win32
		{B12702AD-ABFB-343A-A199-8E24837244A3}.Release|Win32.Build.0 = Release|Win32
		{B12702AD-ABFB-343A-A199-8E24837244A3}.Release|x64.ActiveCfg = Release|x64
		{B12702AD-ABFB-343A-A199-8E24837244A3}.Release|x64.Build.0 = Release|x64
		{CB3D9A0A-3C9F-48AB-8C87-3B33D3E33843}.Debug|Win32.ActiveCfg = Debug|Win32
		{CB3D9A0A-3C9F-48AB-8C87-3B33D3E33843}.Debug|Win32.Build.0 = Debug|Win32
		{CB3D9A0A-3C9F-48AB-8C87-3B33D3E33843}.Debug|x64.ActiveCfg = Debug|x64
		{CB3D9A0A-3C9F-48AB-8C87-3B33D3E33843}.Debug|x64.Build.0 = Debug|x64
		{CB3D9A0A-3C9F-48AB-8C87-3B33D3E33843}.Release|Win32.ActiveCfg = Release|Win32
		{CB3D9A0A-3C9F-48AB-8C87-3B33D3E33843}.Release|Win32.Build.0 = Release|Win32
		{CB3D9A0A-3C9F-48AB-8C87-3B33D3E33843}.Release|x64.ActiveCfg = Release|x64
		{CB3D9A0A-3C9F-48AB-8C87-3B33D3E33843}.Release|x64.Build.0 = Release|x64
		{47C2A38A-2554-4AA1-8D54-396C9B336132}.Debug|Win32.ActiveCfg = Debug|Win32
		{47C2A38A-2554-4AA1-8D54-396C9B336132}.Debug|Win32.Build.0 = Debug|Win32
		{47C2A38A-2554-4AA1-8D54-396C9B336132}.Debug|x64.ActiveCfg = Debug|x64
		{47C2A38A-2554-4AA1-8D54-396C9B336132}.Debug|x64.Build.0 = Debug|x64
		{47C2A38A-2554-4AA1-8D54-396C9B336132}.Release|Win32.ActiveCfg = Release|Win32
		{47C2A38A-2554-4AA1-8D54-396C9B336132}.Release|Win32.Build.0 = Release|Win32
		{47C2A38A-2554-4AA1-8D54-396C9B336132}.Release|x64.ActiveCfg = Release|x64
		{47C2A38A-2554-4AA1-8D54-396C9B336132}.Release|x64.Build.0 = Release|x64
		{2ADF375A-1415-45EC-BDEF-5814BB5ACAE3}.Debug|Win32.ActiveCfg = Debug|Win32
		{2ADF375A-1415-45EC-BDEF-5814BB5ACAE3}.Debug|Win32.Build.0 = Debug|Win32
		{2ADF375A-1415-45EC-BDEF-5814BB5ACAE3}.Debug|x64.ActiveCfg = Debug|x64
		{2ADF375A-1415-45EC-BDEF-5814BB5ACAE3}.Debug|x64.Build.0 = Debug|x64
		{2ADF375A-1415-45EC-BDEF-5814BB5ACAE3}.Release|Win32.ActiveCfg = Release|Win32
		{2ADF375A-1415-45EC-BDEF-5814BB5ACAE3}.Release|Win32.Build.0 = Release|Win32
		{2ADF375A-1415-45EC-BDEF-5814BB5ACAE3}.Release|x64.ActiveCfg = Release|x64
		{2ADF375A-1415-45EC-BDEF-5814BB5ACAE3}.Release|x64.Build.0 = Release|x64
		{03AB4D81-A4F6-4424-BE80-A960E506236E}.Debug|Win32.ActiveCfg = Debug|Win32
		{03AB4D81-A4F6-4424-BE80-A960E506236E}.Debug|Win32.Build.0 = Debug|Win32
		{03AB4D81-A4F6-4424-BE80-A960E506236E}.Debug|x64.ActiveCfg = Debug|x64
		{03AB4D81-A4F6-4424-BE80-A960E506236E}.Debug|x64.Build.0 = Debug|x64
		{03AB4D81-A4F6-4424-BE80-A960E506236E}.Release|Win32.ActiveCfg = Release|Win32
		{03AB4D81-A4F6-4424-BE80-A960E506236E}.Release|Win32.Build.0 = Release|Win32
		{03AB4D81-A4F6-4424-BE80-A960E506236E}.Release|x64.ActiveCfg = Release|x64
		{03AB4D81-A4F6-4424-BE80-A960E506236E}.Release|x64.Build.0 = Release|x64
		{FC56B0FE-9DB8-41E8-B411-FB4039E565FD}.Debug|Win32.ActiveCfg = Debug|Win32
		{FC56B0FE-9DB8-41E8-B411-FB4039E565FD}.Debug|Win32.Build.0 = Debug|Win32
		{FC56B0FE-9DB8-41E8-B411-FB4039E565FD}.Debug|x64.ActiveCfg = Debug|x64
		{FC56B0FE-9DB8-41E8-B411-FB4039E565FD}.Debug|x64.Build.0 = Debug|x64
		{FC56B0FE-9DB8-41E8-B411-FB4039E565FD}.Release|Win32.ActiveCfg = Release|Win32
		{FC56B0FE-9DB8-41E8-B411-FB4039E565FD}.Release|Win32.Build.0 = Release|Win32
		{FC56B0FE-9DB8-41E8-B411-FB4039E565FD}.Release|x64.ActiveCfg = Release|x64
		{FC56B0FE-9DB8-41E8-B411-FB4039E565FD}.Release|x64.Build.0 = Release|x64
		{11F28857-C0C7-4118-9B16-F1969F52388B}.Debug|Win32.ActiveCfg = Debug|Win32
		{11F28857-C0C7-4118-9B16-F1969F52388B}.Debug|Win32.Build.0 = Debug|Win32
		{11F28857-C0C7-4118-9B16-F1969F52388B}.Debug|x64.ActiveCfg = Debug|x64
		{11F28857-C0C7-4118-9B16-F1969F52388B}.Debug|x64.Build.0 = Debug|x64
		{11F28857-C0C7-4118-9B16-F1969F52388B}.Release|Win32.ActiveCfg = Release|Win32
		{11F28857-C0C7-4118-9B16-F1969F52388B}.Release|Win32.Build.0 = Release|Win32
		{11F28857-C0C7-4118-9B16-F1969F52388B}.Release|x64.ActiveCfg = Release|x64
		{11F28857-C0C7-4118-9B16-F1969F52388B}.Release|x64.Build.0 = Release|x64
		{F447A344-AB96-4915-8016-79EEFF8DCF82}.Debug|Win32.ActiveCfg = Debug|Win32
		{F447A344-AB96-4915-8016-79EEFF8DCF82}.Debug|Win32.Build.0 = Debug|Win32
		{F447A344-AB96-4915-8016-79EEFF8DCF82}.Debug|x64.ActiveCfg = Debug|x64
		{F447A344-AB96-4915-8016-79EEFF8DCF82}.Debug|x64.Build.0 = Debug|x64
		{F447A344-AB96-4915-8016-79EEFF8DCF82}.Release|Win32.ActiveCfg = Release|Win32
		{F447A344-AB96-4915-8016-79EEFF8DCF82}.Release|Win32.Build.0 = Release|Win32
		{F447A344-AB96-4915-8016-79EEFF8DCF82}.Release|x64.ActiveCfg = Release|x64
		{F447A344-AB96-4915-8016-79EEFF8DCF82}.Release|x64.Build.0 = Release|x64
		{96A6EA38-F33D-4C68-B952-FA144993028D}.Debug|Win32.ActiveCfg = Debug|Win32
		{96A6EA38-F33D-4C68-B952-FA144993028D}.Debug|Win32.Build.0 = Debug|Win32
		{96A6EA38-F33D-4C68-B952-FA144993028D}.Debug|x64.ActiveCfg = Debug|x64
		{96A6EA38-F33D-4C68-B952-FA144993028D}.Debug|x64.Build.0 = Debug|x64
		{96A6EA38-F33D-4C68-B952-FA144993028D}.Release|Win32.ActiveCfg = Release|Win32
		{96A6EA38-F33D-4C68-B952-FA144993028D}.Release|Win32.Build.0 = Release|Win32
		{96A6EA38-F33D-4C68-B952-FA144993028D}.Release|x64.ActiveCfg = Release|x64
		{96A6EA38-F33D-4C68-B952-FA144993028D}.Release|x64.Build.0 = Release|x64
	EndGlobalSection
	GlobalSection(SolutionProperties) = preSolution
		HideSolutionNode = FALSE
	EndGlobalSection
EndGlobal
